// !$*UTF8*$!
{
	archiveVersion = 1;
	classes = {
	};
	objectVersion = 56;
	objects = {

/* Begin PBXBuildFile section */
		E14ACC8528CFDE4F0074605F /* StashApp.swift in Sources */ = {isa = PBXBuildFile; fileRef = E14ACC8428CFDE4F0074605F /* StashApp.swift */; };
		E14ACC8728CFDE4F0074605F /* ContentView.swift in Sources */ = {isa = PBXBuildFile; fileRef = E14ACC8628CFDE4F0074605F /* ContentView.swift */; };
		E14ACC8928CFDE510074605F /* Assets.xcassets in Resources */ = {isa = PBXBuildFile; fileRef = E14ACC8828CFDE510074605F /* Assets.xcassets */; };
		E14ACC8C28CFDE510074605F /* Preview Assets.xcassets in Resources */ = {isa = PBXBuildFile; fileRef = E14ACC8B28CFDE510074605F /* Preview Assets.xcassets */; };
		E14ACC9628CFDE510074605F /* StashTests.swift in Sources */ = {isa = PBXBuildFile; fileRef = E14ACC9528CFDE510074605F /* StashTests.swift */; };
		E14ACCA028CFDE510074605F /* StashUITests.swift in Sources */ = {isa = PBXBuildFile; fileRef = E14ACC9F28CFDE510074605F /* StashUITests.swift */; };
		E14ACCA228CFDE510074605F /* StashUITestsLaunchTests.swift in Sources */ = {isa = PBXBuildFile; fileRef = E14ACCA128CFDE510074605F /* StashUITestsLaunchTests.swift */; };
/* End PBXBuildFile section */

/* Begin PBXContainerItemProxy section */
		E14ACC9228CFDE510074605F /* PBXContainerItemProxy */ = {
			isa = PBXContainerItemProxy;
			containerPortal = E14ACC7928CFDE4F0074605F /* Project object */;
			proxyType = 1;
			remoteGlobalIDString = E14ACC8028CFDE4F0074605F;
			remoteInfo = Stash;
		};
		E14ACC9C28CFDE510074605F /* PBXContainerItemProxy */ = {
			isa = PBXContainerItemProxy;
			containerPortal = E14ACC7928CFDE4F0074605F /* Project object */;
			proxyType = 1;
			remoteGlobalIDString = E14ACC8028CFDE4F0074605F;
			remoteInfo = Stash;
		};
/* End PBXContainerItemProxy section */

/* Begin PBXFileReference section */
		E14ACC8128CFDE4F0074605F /* Stash.app */ = {isa = PBXFileReference; explicitFileType = wrapper.application; includeInIndex = 0; path = Stash.app; sourceTree = BUILT_PRODUCTS_DIR; };
		E14ACC8428CFDE4F0074605F /* StashApp.swift */ = {isa = PBXFileReference; lastKnownFileType = sourcecode.swift; path = StashApp.swift; sourceTree = "<group>"; };
		E14ACC8628CFDE4F0074605F /* ContentView.swift */ = {isa = PBXFileReference; lastKnownFileType = sourcecode.swift; path = ContentView.swift; sourceTree = "<group>"; };
		E14ACC8828CFDE510074605F /* Assets.xcassets */ = {isa = PBXFileReference; lastKnownFileType = folder.assetcatalog; path = Assets.xcassets; sourceTree = "<group>"; };
		E14ACC8B28CFDE510074605F /* Preview Assets.xcassets */ = {isa = PBXFileReference; lastKnownFileType = folder.assetcatalog; path = "Preview Assets.xcassets"; sourceTree = "<group>"; };
		E14ACC9128CFDE510074605F /* StashTests.xctest */ = {isa = PBXFileReference; explicitFileType = wrapper.cfbundle; includeInIndex = 0; path = StashTests.xctest; sourceTree = BUILT_PRODUCTS_DIR; };
		E14ACC9528CFDE510074605F /* StashTests.swift */ = {isa = PBXFileReference; lastKnownFileType = sourcecode.swift; path = StashTests.swift; sourceTree = "<group>"; };
		E14ACC9B28CFDE510074605F /* StashUITests.xctest */ = {isa = PBXFileReference; explicitFileType = wrapper.cfbundle; includeInIndex = 0; path = StashUITests.xctest; sourceTree = BUILT_PRODUCTS_DIR; };
		E14ACC9F28CFDE510074605F /* StashUITests.swift */ = {isa = PBXFileReference; lastKnownFileType = sourcecode.swift; path = StashUITests.swift; sourceTree = "<group>"; };
		E14ACCA128CFDE510074605F /* StashUITestsLaunchTests.swift */ = {isa = PBXFileReference; lastKnownFileType = sourcecode.swift; path = StashUITestsLaunchTests.swift; sourceTree = "<group>"; };
/* End PBXFileReference section */

/* Begin PBXFrameworksBuildPhase section */
		E14ACC7E28CFDE4F0074605F /* Frameworks */ = {
			isa = PBXFrameworksBuildPhase;
			buildActionMask = 2147483647;
			files = (
			);
			runOnlyForDeploymentPostprocessing = 0;
		};
		E14ACC8E28CFDE510074605F /* Frameworks */ = {
			isa = PBXFrameworksBuildPhase;
			buildActionMask = 2147483647;
			files = (
			);
			runOnlyForDeploymentPostprocessing = 0;
		};
		E14ACC9828CFDE510074605F /* Frameworks */ = {
			isa = PBXFrameworksBuildPhase;
			buildActionMask = 2147483647;
			files = (
			);
			runOnlyForDeploymentPostprocessing = 0;
		};
/* End PBXFrameworksBuildPhase section */

/* Begin PBXGroup section */
		E14ACC7828CFDE4F0074605F = {
			isa = PBXGroup;
			children = (
				E14ACC8328CFDE4F0074605F /* Stash */,
				E14ACC9428CFDE510074605F /* StashTests */,
				E14ACC9E28CFDE510074605F /* StashUITests */,
				E14ACC8228CFDE4F0074605F /* Products */,
			);
			sourceTree = "<group>";
		};
		E14ACC8228CFDE4F0074605F /* Products */ = {
			isa = PBXGroup;
			children = (
				E14ACC8128CFDE4F0074605F /* Stash.app */,
				E14ACC9128CFDE510074605F /* StashTests.xctest */,
				E14ACC9B28CFDE510074605F /* StashUITests.xctest */,
			);
			name = Products;
			sourceTree = "<group>";
		};
		E14ACC8328CFDE4F0074605F /* Stash */ = {
			isa = PBXGroup;
			children = (
				E14ACC8428CFDE4F0074605F /* StashApp.swift */,
				E14ACC8628CFDE4F0074605F /* ContentView.swift */,
				E14ACC8828CFDE510074605F /* Assets.xcassets */,
				E14ACC8A28CFDE510074605F /* Preview Content */,
			);
			path = Stash;
			sourceTree = "<group>";
		};
		E14ACC8A28CFDE510074605F /* Preview Content */ = {
			isa = PBXGroup;
			children = (
				E14ACC8B28CFDE510074605F /* Preview Assets.xcassets */,
			);
			path = "Preview Content";
			sourceTree = "<group>";
		};
		E14ACC9428CFDE510074605F /* StashTests */ = {
			isa = PBXGroup;
			children = (
				E14ACC9528CFDE510074605F /* StashTests.swift */,
			);
			path = StashTests;
			sourceTree = "<group>";
		};
		E14ACC9E28CFDE510074605F /* StashUITests */ = {
			isa = PBXGroup;
			children = (
				E14ACC9F28CFDE510074605F /* StashUITests.swift */,
				E14ACCA128CFDE510074605F /* StashUITestsLaunchTests.swift */,
			);
			path = StashUITests;
			sourceTree = "<group>";
		};
/* End PBXGroup section */

/* Begin PBXNativeTarget section */
		E14ACC8028CFDE4F0074605F /* Stash */ = {
			isa = PBXNativeTarget;
			buildConfigurationList = E14ACCA528CFDE510074605F /* Build configuration list for PBXNativeTarget "Stash" */;
			buildPhases = (
				E14ACC7D28CFDE4F0074605F /* Sources */,
				E14ACC7E28CFDE4F0074605F /* Frameworks */,
				E14ACC7F28CFDE4F0074605F /* Resources */,
			);
			buildRules = (
			);
			dependencies = (
			);
			name = Stash;
			productName = Stash;
			productReference = E14ACC8128CFDE4F0074605F /* Stash.app */;
			productType = "com.apple.product-type.application";
		};
		E14ACC9028CFDE510074605F /* StashTests */ = {
			isa = PBXNativeTarget;
			buildConfigurationList = E14ACCA828CFDE510074605F /* Build configuration list for PBXNativeTarget "StashTests" */;
			buildPhases = (
				E14ACC8D28CFDE510074605F /* Sources */,
				E14ACC8E28CFDE510074605F /* Frameworks */,
				E14ACC8F28CFDE510074605F /* Resources */,
			);
			buildRules = (
			);
			dependencies = (
				E14ACC9328CFDE510074605F /* PBXTargetDependency */,
			);
			name = StashTests;
			productName = StashTests;
			productReference = E14ACC9128CFDE510074605F /* StashTests.xctest */;
			productType = "com.apple.product-type.bundle.unit-test";
		};
		E14ACC9A28CFDE510074605F /* StashUITests */ = {
			isa = PBXNativeTarget;
			buildConfigurationList = E14ACCAB28CFDE510074605F /* Build configuration list for PBXNativeTarget "StashUITests" */;
			buildPhases = (
				E14ACC9728CFDE510074605F /* Sources */,
				E14ACC9828CFDE510074605F /* Frameworks */,
				E14ACC9928CFDE510074605F /* Resources */,
			);
			buildRules = (
			);
			dependencies = (
				E14ACC9D28CFDE510074605F /* PBXTargetDependency */,
			);
			name = StashUITests;
			productName = StashUITests;
			productReference = E14ACC9B28CFDE510074605F /* StashUITests.xctest */;
			productType = "com.apple.product-type.bundle.ui-testing";
		};
/* End PBXNativeTarget section */

/* Begin PBXProject section */
		E14ACC7928CFDE4F0074605F /* Project object */ = {
			isa = PBXProject;
			attributes = {
				BuildIndependentTargetsInParallel = 1;
				LastSwiftUpdateCheck = 1400;
				LastUpgradeCheck = 1400;
				TargetAttributes = {
					E14ACC8028CFDE4F0074605F = {
						CreatedOnToolsVersion = 14.0;
					};
					E14ACC9028CFDE510074605F = {
						CreatedOnToolsVersion = 14.0;
						TestTargetID = E14ACC8028CFDE4F0074605F;
					};
					E14ACC9A28CFDE510074605F = {
						CreatedOnToolsVersion = 14.0;
						TestTargetID = E14ACC8028CFDE4F0074605F;
					};
				};
			};
			buildConfigurationList = E14ACC7C28CFDE4F0074605F /* Build configuration list for PBXProject "Stash" */;
			compatibilityVersion = "Xcode 14.0";
			developmentRegion = en;
			hasScannedForEncodings = 0;
			knownRegions = (
				en,
				Base,
			);
			mainGroup = E14ACC7828CFDE4F0074605F;
			productRefGroup = E14ACC8228CFDE4F0074605F /* Products */;
			projectDirPath = "";
			projectRoot = "";
			targets = (
				E14ACC8028CFDE4F0074605F /* Stash */,
				E14ACC9028CFDE510074605F /* StashTests */,
				E14ACC9A28CFDE510074605F /* StashUITests */,
			);
		};
/* End PBXProject section */

/* Begin PBXResourcesBuildPhase section */
		E14ACC7F28CFDE4F0074605F /* Resources */ = {
			isa = PBXResourcesBuildPhase;
			buildActionMask = 2147483647;
			files = (
				E14ACC8C28CFDE510074605F /* Preview Assets.xcassets in Resources */,
				E14ACC8928CFDE510074605F /* Assets.xcassets in Resources */,
			);
			runOnlyForDeploymentPostprocessing = 0;
		};
		E14ACC8F28CFDE510074605F /* Resources */ = {
			isa = PBXResourcesBuildPhase;
			buildActionMask = 2147483647;
			files = (
			);
			runOnlyForDeploymentPostprocessing = 0;
		};
		E14ACC9928CFDE510074605F /* Resources */ = {
			isa = PBXResourcesBuildPhase;
			buildActionMask = 2147483647;
			files = (
			);
			runOnlyForDeploymentPostprocessing = 0;
		};
/* End PBXResourcesBuildPhase section */

/* Begin PBXSourcesBuildPhase section */
		E14ACC7D28CFDE4F0074605F /* Sources */ = {
			isa = PBXSourcesBuildPhase;
			buildActionMask = 2147483647;
			files = (
				E14ACC8728CFDE4F0074605F /* ContentView.swift in Sources */,
				E14ACC8528CFDE4F0074605F /* StashApp.swift in Sources */,
			);
			runOnlyForDeploymentPostprocessing = 0;
		};
		E14ACC8D28CFDE510074605F /* Sources */ = {
			isa = PBXSourcesBuildPhase;
			buildActionMask = 2147483647;
			files = (
				E14ACC9628CFDE510074605F /* StashTests.swift in Sources */,
			);
			runOnlyForDeploymentPostprocessing = 0;
		};
		E14ACC9728CFDE510074605F /* Sources */ = {
			isa = PBXSourcesBuildPhase;
			buildActionMask = 2147483647;
			files = (
				E14ACCA228CFDE510074605F /* StashUITestsLaunchTests.swift in Sources */,
				E14ACCA028CFDE510074605F /* StashUITests.swift in Sources */,
			);
			runOnlyForDeploymentPostprocessing = 0;
		};
/* End PBXSourcesBuildPhase section */

/* Begin PBXTargetDependency section */
		E14ACC9328CFDE510074605F /* PBXTargetDependency */ = {
			isa = PBXTargetDependency;
			target = E14ACC8028CFDE4F0074605F /* Stash */;
			targetProxy = E14ACC9228CFDE510074605F /* PBXContainerItemProxy */;
		};
		E14ACC9D28CFDE510074605F /* PBXTargetDependency */ = {
			isa = PBXTargetDependency;
			target = E14ACC8028CFDE4F0074605F /* Stash */;
			targetProxy = E14ACC9C28CFDE510074605F /* PBXContainerItemProxy */;
		};
/* End PBXTargetDependency section */

/* Begin XCBuildConfiguration section */
		E14ACCA328CFDE510074605F /* Debug */ = {
			isa = XCBuildConfiguration;
			buildSettings = {
				ALWAYS_SEARCH_USER_PATHS = NO;
				CLANG_ANALYZER_NONNULL = YES;
				CLANG_ANALYZER_NUMBER_OBJECT_CONVERSION = YES_AGGRESSIVE;
				CLANG_CXX_LANGUAGE_STANDARD = "gnu++20";
				CLANG_ENABLE_MODULES = YES;
				CLANG_ENABLE_OBJC_ARC = YES;
				CLANG_ENABLE_OBJC_WEAK = YES;
				CLANG_WARN_BLOCK_CAPTURE_AUTORELEASING = YES;
				CLANG_WARN_BOOL_CONVERSION = YES;
				CLANG_WARN_COMMA = YES;
				CLANG_WARN_CONSTANT_CONVERSION = YES;
				CLANG_WARN_DEPRECATED_OBJC_IMPLEMENTATIONS = YES;
				CLANG_WARN_DIRECT_OBJC_ISA_USAGE = YES_ERROR;
				CLANG_WARN_DOCUMENTATION_COMMENTS = YES;
				CLANG_WARN_EMPTY_BODY = YES;
				CLANG_WARN_ENUM_CONVERSION = YES;
				CLANG_WARN_INFINITE_RECURSION = YES;
				CLANG_WARN_INT_CONVERSION = YES;
				CLANG_WARN_NON_LITERAL_NULL_CONVERSION = YES;
				CLANG_WARN_OBJC_IMPLICIT_RETAIN_SELF = YES;
				CLANG_WARN_OBJC_LITERAL_CONVERSION = YES;
				CLANG_WARN_OBJC_ROOT_CLASS = YES_ERROR;
				CLANG_WARN_QUOTED_INCLUDE_IN_FRAMEWORK_HEADER = YES;
				CLANG_WARN_RANGE_LOOP_ANALYSIS = YES;
				CLANG_WARN_STRICT_PROTOTYPES = YES;
				CLANG_WARN_SUSPICIOUS_MOVE = YES;
				CLANG_WARN_UNGUARDED_AVAILABILITY = YES_AGGRESSIVE;
				CLANG_WARN_UNREACHABLE_CODE = YES;
				CLANG_WARN__DUPLICATE_METHOD_MATCH = YES;
				COPY_PHASE_STRIP = NO;
				DEBUG_INFORMATION_FORMAT = dwarf;
				ENABLE_STRICT_OBJC_MSGSEND = YES;
				ENABLE_TESTABILITY = YES;
				GCC_C_LANGUAGE_STANDARD = gnu11;
				GCC_DYNAMIC_NO_PIC = NO;
				GCC_NO_COMMON_BLOCKS = YES;
				GCC_OPTIMIZATION_LEVEL = 0;
				GCC_PREPROCESSOR_DEFINITIONS = (
					"DEBUG=1",
					"$(inherited)",
				);
				GCC_WARN_64_TO_32_BIT_CONVERSION = YES;
				GCC_WARN_ABOUT_RETURN_TYPE = YES_ERROR;
				GCC_WARN_UNDECLARED_SELECTOR = YES;
				GCC_WARN_UNINITIALIZED_AUTOS = YES_AGGRESSIVE;
				GCC_WARN_UNUSED_FUNCTION = YES;
				GCC_WARN_UNUSED_VARIABLE = YES;
				IPHONEOS_DEPLOYMENT_TARGET = 16.0;
				MTL_ENABLE_DEBUG_INFO = INCLUDE_SOURCE;
				MTL_FAST_MATH = YES;
				ONLY_ACTIVE_ARCH = YES;
				SDKROOT = iphoneos;
				SWIFT_ACTIVE_COMPILATION_CONDITIONS = DEBUG;
				SWIFT_OPTIMIZATION_LEVEL = "-Onone";
			};
			name = Debug;
		};
		E14ACCA428CFDE510074605F /* Release */ = {
			isa = XCBuildConfiguration;
			buildSettings = {
				ALWAYS_SEARCH_USER_PATHS = NO;
				CLANG_ANALYZER_NONNULL = YES;
				CLANG_ANALYZER_NUMBER_OBJECT_CONVERSION = YES_AGGRESSIVE;
				CLANG_CXX_LANGUAGE_STANDARD = "gnu++20";
				CLANG_ENABLE_MODULES = YES;
				CLANG_ENABLE_OBJC_ARC = YES;
				CLANG_ENABLE_OBJC_WEAK = YES;
				CLANG_WARN_BLOCK_CAPTURE_AUTORELEASING = YES;
				CLANG_WARN_BOOL_CONVERSION = YES;
				CLANG_WARN_COMMA = YES;
				CLANG_WARN_CONSTANT_CONVERSION = YES;
				CLANG_WARN_DEPRECATED_OBJC_IMPLEMENTATIONS = YES;
				CLANG_WARN_DIRECT_OBJC_ISA_USAGE = YES_ERROR;
				CLANG_WARN_DOCUMENTATION_COMMENTS = YES;
				CLANG_WARN_EMPTY_BODY = YES;
				CLANG_WARN_ENUM_CONVERSION = YES;
				CLANG_WARN_INFINITE_RECURSION = YES;
				CLANG_WARN_INT_CONVERSION = YES;
				CLANG_WARN_NON_LITERAL_NULL_CONVERSION = YES;
				CLANG_WARN_OBJC_IMPLICIT_RETAIN_SELF = YES;
				CLANG_WARN_OBJC_LITERAL_CONVERSION = YES;
				CLANG_WARN_OBJC_ROOT_CLASS = YES_ERROR;
				CLANG_WARN_QUOTED_INCLUDE_IN_FRAMEWORK_HEADER = YES;
				CLANG_WARN_RANGE_LOOP_ANALYSIS = YES;
				CLANG_WARN_STRICT_PROTOTYPES = YES;
				CLANG_WARN_SUSPICIOUS_MOVE = YES;
				CLANG_WARN_UNGUARDED_AVAILABILITY = YES_AGGRESSIVE;
				CLANG_WARN_UNREACHABLE_CODE = YES;
				CLANG_WARN__DUPLICATE_METHOD_MATCH = YES;
				COPY_PHASE_STRIP = NO;
				DEBUG_INFORMATION_FORMAT = "dwarf-with-dsym";
				ENABLE_NS_ASSERTIONS = NO;
				ENABLE_STRICT_OBJC_MSGSEND = YES;
				GCC_C_LANGUAGE_STANDARD = gnu11;
				GCC_NO_COMMON_BLOCKS = YES;
				GCC_WARN_64_TO_32_BIT_CONVERSION = YES;
				GCC_WARN_ABOUT_RETURN_TYPE = YES_ERROR;
				GCC_WARN_UNDECLARED_SELECTOR = YES;
				GCC_WARN_UNINITIALIZED_AUTOS = YES_AGGRESSIVE;
				GCC_WARN_UNUSED_FUNCTION = YES;
				GCC_WARN_UNUSED_VARIABLE = YES;
				IPHONEOS_DEPLOYMENT_TARGET = 16.0;
				MTL_ENABLE_DEBUG_INFO = NO;
				MTL_FAST_MATH = YES;
				SDKROOT = iphoneos;
				SWIFT_COMPILATION_MODE = wholemodule;
				SWIFT_OPTIMIZATION_LEVEL = "-O";
				VALIDATE_PRODUCT = YES;
			};
			name = Release;
		};
		E14ACCA628CFDE510074605F /* Debug */ = {
			isa = XCBuildConfiguration;
			buildSettings = {
				ASSETCATALOG_COMPILER_APPICON_NAME = AppIcon;
				ASSETCATALOG_COMPILER_GLOBAL_ACCENT_COLOR_NAME = AccentColor;
				CODE_SIGN_STYLE = Automatic;
				CURRENT_PROJECT_VERSION = 1;
				DEVELOPMENT_ASSET_PATHS = "\"Stash/Preview Content\"";
				DEVELOPMENT_TEAM = 626S7SSF43;
				ENABLE_PREVIEWS = YES;
				GENERATE_INFOPLIST_FILE = YES;
				INFOPLIST_KEY_UIApplicationSceneManifest_Generation = YES;
				INFOPLIST_KEY_UIApplicationSupportsIndirectInputEvents = YES;
				INFOPLIST_KEY_UILaunchScreen_Generation = YES;
				INFOPLIST_KEY_UISupportedInterfaceOrientations_iPad = "UIInterfaceOrientationPortrait UIInterfaceOrientationPortraitUpsideDown UIInterfaceOrientationLandscapeLeft UIInterfaceOrientationLandscapeRight";
				INFOPLIST_KEY_UISupportedInterfaceOrientations_iPhone = "UIInterfaceOrientationPortrait UIInterfaceOrientationLandscapeLeft UIInterfaceOrientationLandscapeRight";
				LD_RUNPATH_SEARCH_PATHS = (
					"$(inherited)",
					"@executable_path/Frameworks",
				);
				MARKETING_VERSION = 1.0;
				PRODUCT_BUNDLE_IDENTIFIER = dev.kekesi.Stash;
				PRODUCT_NAME = "$(TARGET_NAME)";
				SWIFT_EMIT_LOC_STRINGS = YES;
				SWIFT_VERSION = 5.0;
				TARGETED_DEVICE_FAMILY = "1,2";
			};
			name = Debug;
		};
		E14ACCA728CFDE510074605F /* Release */ = {
			isa = XCBuildConfiguration;
			buildSettings = {
				ASSETCATALOG_COMPILER_APPICON_NAME = AppIcon;
				ASSETCATALOG_COMPILER_GLOBAL_ACCENT_COLOR_NAME = AccentColor;
				CODE_SIGN_STYLE = Automatic;
				CURRENT_PROJECT_VERSION = 1;
				DEVELOPMENT_ASSET_PATHS = "\"Stash/Preview Content\"";
				DEVELOPMENT_TEAM = 626S7SSF43;
				ENABLE_PREVIEWS = YES;
				GENERATE_INFOPLIST_FILE = YES;
				INFOPLIST_KEY_UIApplicationSceneManifest_Generation = YES;
				INFOPLIST_KEY_UIApplicationSupportsIndirectInputEvents = YES;
				INFOPLIST_KEY_UILaunchScreen_Generation = YES;
				INFOPLIST_KEY_UISupportedInterfaceOrientations_iPad = "UIInterfaceOrientationPortrait UIInterfaceOrientationPortraitUpsideDown UIInterfaceOrientationLandscapeLeft UIInterfaceOrientationLandscapeRight";
				INFOPLIST_KEY_UISupportedInterfaceOrientations_iPhone = "UIInterfaceOrientationPortrait UIInterfaceOrientationLandscapeLeft UIInterfaceOrientationLandscapeRight";
				LD_RUNPATH_SEARCH_PATHS = (
					"$(inherited)",
					"@executable_path/Frameworks",
				);
				MARKETING_VERSION = 1.0;
				PRODUCT_BUNDLE_IDENTIFIER = dev.kekesi.Stash;
				PRODUCT_NAME = "$(TARGET_NAME)";
				SWIFT_EMIT_LOC_STRINGS = YES;
				SWIFT_VERSION = 5.0;
				TARGETED_DEVICE_FAMILY = "1,2";
			};
			name = Release;
		};
		E14ACCA928CFDE510074605F /* Debug */ = {
			isa = XCBuildConfiguration;
			buildSettings = {
				ALWAYS_EMBED_SWIFT_STANDARD_LIBRARIES = YES;
				BUNDLE_LOADER = "$(TEST_HOST)";
				CODE_SIGN_STYLE = Automatic;
				CURRENT_PROJECT_VERSION = 1;
				DEVELOPMENT_TEAM = 626S7SSF43;
				GENERATE_INFOPLIST_FILE = YES;
				IPHONEOS_DEPLOYMENT_TARGET = 16.0;
				MARKETING_VERSION = 1.0;
				PRODUCT_BUNDLE_IDENTIFIER = dev.kekesi.StashTests;
				PRODUCT_NAME = "$(TARGET_NAME)";
				SWIFT_EMIT_LOC_STRINGS = NO;
				SWIFT_VERSION = 5.0;
				TARGETED_DEVICE_FAMILY = "1,2";
				TEST_HOST = "$(BUILT_PRODUCTS_DIR)/Stash.app/$(BUNDLE_EXECUTABLE_FOLDER_PATH)/Stash";
			};
			name = Debug;
		};
		E14ACCAA28CFDE510074605F /* Release */ = {
			isa = XCBuildConfiguration;
			buildSettings = {
				ALWAYS_EMBED_SWIFT_STANDARD_LIBRARIES = YES;
				BUNDLE_LOADER = "$(TEST_HOST)";
				CODE_SIGN_STYLE = Automatic;
				CURRENT_PROJECT_VERSION = 1;
				DEVELOPMENT_TEAM = 626S7SSF43;
				GENERATE_INFOPLIST_FILE = YES;
				IPHONEOS_DEPLOYMENT_TARGET = 16.0;
				MARKETING_VERSION = 1.0;
				PRODUCT_BUNDLE_IDENTIFIER = dev.kekesi.StashTests;
				PRODUCT_NAME = "$(TARGET_NAME)";
				SWIFT_EMIT_LOC_STRINGS = NO;
				SWIFT_VERSION = 5.0;
				TARGETED_DEVICE_FAMILY = "1,2";
				TEST_HOST = "$(BUILT_PRODUCTS_DIR)/Stash.app/$(BUNDLE_EXECUTABLE_FOLDER_PATH)/Stash";
			};
			name = Release;
		};
		E14ACCAC28CFDE510074605F /* Debug */ = {
			isa = XCBuildConfiguration;
			buildSettings = {
				ALWAYS_EMBED_SWIFT_STANDARD_LIBRARIES = YES;
				CODE_SIGN_STYLE = Automatic;
				CURRENT_PROJECT_VERSION = 1;
				DEVELOPMENT_TEAM = 626S7SSF43;
				GENERATE_INFOPLIST_FILE = YES;
				MARKETING_VERSION = 1.0;
				PRODUCT_BUNDLE_IDENTIFIER = dev.kekesi.StashUITests;
				PRODUCT_NAME = "$(TARGET_NAME)";
				SWIFT_EMIT_LOC_STRINGS = NO;
				SWIFT_VERSION = 5.0;
				TARGETED_DEVICE_FAMILY = "1,2";
				TEST_TARGET_NAME = Stash;
			};
			name = Debug;
		};
		E14ACCAD28CFDE510074605F /* Release */ = {
			isa = XCBuildConfiguration;
			buildSettings = {
				ALWAYS_EMBED_SWIFT_STANDARD_LIBRARIES = YES;
				CODE_SIGN_STYLE = Automatic;
				CURRENT_PROJECT_VERSION = 1;
				DEVELOPMENT_TEAM = 626S7SSF43;
				GENERATE_INFOPLIST_FILE = YES;
				MARKETING_VERSION = 1.0;
				PRODUCT_BUNDLE_IDENTIFIER = dev.kekesi.StashUITests;
				PRODUCT_NAME = "$(TARGET_NAME)";
				SWIFT_EMIT_LOC_STRINGS = NO;
				SWIFT_VERSION = 5.0;
				TARGETED_DEVICE_FAMILY = "1,2";
				TEST_TARGET_NAME = Stash;
			};
			name = Release;
		};
/* End XCBuildConfiguration section */

/* Begin XCConfigurationList section */
		E14ACC7C28CFDE4F0074605F /* Build configuration list for PBXProject "Stash" */ = {
			isa = XCConfigurationList;
			buildConfigurations = (
				E14ACCA328CFDE510074605F /* Debug */,
				E14ACCA428CFDE510074605F /* Release */,
			);
			defaultConfigurationIsVisible = 0;
			defaultConfigurationName = Release;
		};
		E14ACCA528CFDE510074605F /* Build configuration list for PBXNativeTarget "Stash" */ = {
			isa = XCConfigurationList;
			buildConfigurations = (
				E14ACCA628CFDE510074605F /* Debug */,
				E14ACCA728CFDE510074605F /* Release */,
			);
			defaultConfigurationIsVisible = 0;
			defaultConfigurationName = Release;
		};
		E14ACCA828CFDE510074605F /* Build configuration list for PBXNativeTarget "StashTests" */ = {
			isa = XCConfigurationList;
			buildConfigurations = (
				E14ACCA928CFDE510074605F /* Debug */,
				E14ACCAA28CFDE510074605F /* Release */,
			);
			defaultConfigurationIsVisible = 0;
			defaultConfigurationName = Release;
		};
		E14ACCAB28CFDE510074605F /* Build configuration list for PBXNativeTarget "StashUITests" */ = {
			isa = XCConfigurationList;
			buildConfigurations = (
				E14ACCAC28CFDE510074605F /* Debug */,
				E14ACCAD28CFDE510074605F /* Release */,
			);
			defaultConfigurationIsVisible = 0;
			defaultConfigurationName = Release;
		};
/* End XCConfigurationList section */
	};
	rootObject = E14ACC7928CFDE4F0074605F /* Project object */;
}
